
Microsoft Visual Studio Solution File, Format Version 12.00
# Visual Studio Version 17
VisualStudioVersion = 17.11.35312.102
MinimumVisualStudioVersion = 10.0.40219.1
Project("{FAE04EC0-301F-11D3-BF4B-00C04F79EFBC}") = "API", "API\API.csproj", "{8C487A97-2D67-4194-8FC9-6303FE945B9E}"
EndProject
Global
	GlobalSection(SolutionConfigurationPlatforms) = preSolution
		Debug|Any CPU = Debug|Any CPU
		Release|Any CPU = Release|Any CPU
	EndGlobalSection
	GlobalSection(ProjectConfigurationPlatforms) = postSolution
		{8C487A97-2D67-4194-8FC9-6303FE945B9E}.Debug|Any CPU.ActiveCfg = Debug|Any CPU
		{8C487A97-2D67-4194-8FC9-6303FE945B9E}.Debug|Any CPU.Build.0 = Debug|Any CPU
		{8C487A97-2D67-4194-8FC9-6303FE945B9E}.Release|Any CPU.ActiveCfg = Release|Any CPU
		{8C487A97-2D67-4194-8FC9-6303FE945B9E}.Release|Any CPU.Build.0 = Release|Any CPU
	EndGlobalSection
	GlobalSection(SolutionProperties) = preSolution
		HideSolutionNode = FALSE
	EndGlobalSection
	GlobalSection(ExtensibilityGlobals) = postSolution
		SolutionGuid = {44E929B1-9F8E-435F-98E1-20A467EBC17A}
	EndGlobalSection
EndGlobal
